
Microsoft Visual Studio Solution File, Format Version 12.00
# Visual Studio Version 17
VisualStudioVersion = 17.9.34622.214
MinimumVisualStudioVersion = 10.0.40219.1
Project("{2150E333-8FDC-42A3-9474-1A3956D46DE8}") = "FrontEnd", "FrontEnd", "{F919A2FD-32A7-405C-B024-3540D08B10E6}"
EndProject
Project("{2150E333-8FDC-42A3-9474-1A3956D46DE8}") = "Services", "Services", "{E8059487-8CFA-42B5-99C7-57F54476B35C}"
EndProject
Project("{FAE04EC0-301F-11D3-BF4B-00C04F79EFBC}") = "GeekShopping.Web", "GeekShopping.Web\GeekShopping.Web.csproj", "{7898DF3B-0063-4B78-94E4-B7710CA1B196}"
EndProject
Project("{FAE04EC0-301F-11D3-BF4B-00C04F79EFBC}") = "GeekShopping.ProductAPI", "GeekShopping.ProductAPI\GeekShopping.ProductAPI.csproj", "{C9C3A035-0989-4B22-9DB7-242C008F1164}"
EndProject
Global
	GlobalSection(SolutionConfigurationPlatforms) = preSolution
		Debug|Any CPU = Debug|Any CPU
		Release|Any CPU = Release|Any CPU
	EndGlobalSection
	GlobalSection(ProjectConfigurationPlatforms) = postSolution
		{7898DF3B-0063-4B78-94E4-B7710CA1B196}.Debug|Any CPU.ActiveCfg = Debug|Any CPU
		{7898DF3B-0063-4B78-94E4-B7710CA1B196}.Debug|Any CPU.Build.0 = Debug|Any CPU
		{7898DF3B-0063-4B78-94E4-B7710CA1B196}.Release|Any CPU.ActiveCfg = Release|Any CPU
		{7898DF3B-0063-4B78-94E4-B7710CA1B196}.Release|Any CPU.Build.0 = Release|Any CPU
		{C9C3A035-0989-4B22-9DB7-242C008F1164}.Debug|Any CPU.ActiveCfg = Debug|Any CPU
		{C9C3A035-0989-4B22-9DB7-242C008F1164}.Debug|Any CPU.Build.0 = Debug|Any CPU
		{C9C3A035-0989-4B22-9DB7-242C008F1164}.Release|Any CPU.ActiveCfg = Release|Any CPU
		{C9C3A035-0989-4B22-9DB7-242C008F1164}.Release|Any CPU.Build.0 = Release|Any CPU
	EndGlobalSection
	GlobalSection(SolutionProperties) = preSolution
		HideSolutionNode = FALSE
	EndGlobalSection
	GlobalSection(NestedProjects) = preSolution
		{7898DF3B-0063-4B78-94E4-B7710CA1B196} = {F919A2FD-32A7-405C-B024-3540D08B10E6}
		{C9C3A035-0989-4B22-9DB7-242C008F1164} = {E8059487-8CFA-42B5-99C7-57F54476B35C}
	EndGlobalSection
	GlobalSection(ExtensibilityGlobals) = postSolution
		SolutionGuid = {9772F926-00DA-434E-9DCD-E96ED2B67FFD}
	EndGlobalSection
EndGlobal
